
Microsoft Visual Studio Solution File, Format Version 12.00
# Visual Studio Version 17
VisualStudioVersion = 17.8.34316.72
MinimumVisualStudioVersion = 10.0.40219.1
Project("{FAE04EC0-301F-11D3-BF4B-00C04F79EFBC}") = "snake", "snake\snake.csproj", "{8A71CCCC-F83F-4C43-A4C8-1BC490EC5700}"
EndProject
Global
	GlobalSection(SolutionConfigurationPlatforms) = preSolution
		Debug|Any CPU = Debug|Any CPU
		Release|Any CPU = Release|Any CPU
	EndGlobalSection
	GlobalSection(ProjectConfigurationPlatforms) = postSolution
		{8A71CCCC-F83F-4C43-A4C8-1BC490EC5700}.Debug|Any CPU.ActiveCfg = Debug|Any CPU
		{8A71CCCC-F83F-4C43-A4C8-1BC490EC5700}.Debug|Any CPU.Build.0 = Debug|Any CPU
		{8A71CCCC-F83F-4C43-A4C8-1BC490EC5700}.Release|Any CPU.ActiveCfg = Release|Any CPU
		{8A71CCCC-F83F-4C43-A4C8-1BC490EC5700}.Release|Any CPU.Build.0 = Release|Any CPU
	EndGlobalSection
	GlobalSection(SolutionProperties) = preSolution
		HideSolutionNode = FALSE
	EndGlobalSection
	GlobalSection(ExtensibilityGlobals) = postSolution
		SolutionGuid = {52B276EF-F694-49AE-BA05-AF69E19A95DF}
	EndGlobalSection
EndGlobal
